
Microsoft Visual Studio Solution File, Format Version 12.00
# Visual Studio Version 16
VisualStudioVersion = 16.0.31205.134
MinimumVisualStudioVersion = 10.0.40219.1
Project("{FAE04EC0-301F-11D3-BF4B-00C04F79EFBC}") = "BootcampPoo2Eje4Y5", "BootcampPoo2Eje4Y5.csproj", "{62B5CB14-BFC8-40DA-971D-D092CDCB130B}"
EndProject
Global
	GlobalSection(SolutionConfigurationPlatforms) = preSolution
		Debug|Any CPU = Debug|Any CPU
		Release|Any CPU = Release|Any CPU
	EndGlobalSection
	GlobalSection(ProjectConfigurationPlatforms) = postSolution
		{62B5CB14-BFC8-40DA-971D-D092CDCB130B}.Debug|Any CPU.ActiveCfg = Debug|Any CPU
		{62B5CB14-BFC8-40DA-971D-D092CDCB130B}.Debug|Any CPU.Build.0 = Debug|Any CPU
		{62B5CB14-BFC8-40DA-971D-D092CDCB130B}.Release|Any CPU.ActiveCfg = Release|Any CPU
		{62B5CB14-BFC8-40DA-971D-D092CDCB130B}.Release|Any CPU.Build.0 = Release|Any CPU
	EndGlobalSection
	GlobalSection(SolutionProperties) = preSolution
		HideSolutionNode = FALSE
	EndGlobalSection
	GlobalSection(ExtensibilityGlobals) = postSolution
		SolutionGuid = {87698FA0-59FD-4D3B-9FA9-6F8AF2B5CE21}
	EndGlobalSection
EndGlobal
